
Microsoft Visual Studio Solution File, Format Version 12.00
# Visual Studio 15
VisualStudioVersion = 15.0.28307.106
MinimumVisualStudioVersion = 10.0.40219.1
Project("{8BC9CEB8-8B4A-11D0-8D11-00A0C91BC942}") = "Matrices", "Matrices\Matrices.vcxproj", "{AF8B4C4D-CA55-45BC-B7A5-7BC60551F443}"
EndProject
Global
	GlobalSection(SolutionConfigurationPlatforms) = preSolution
		Debug|x64 = Debug|x64
		Debug|x86 = Debug|x86
		Release|x64 = Release|x64
		Release|x86 = Release|x86
	EndGlobalSection
	GlobalSection(ProjectConfigurationPlatforms) = postSolution
		{AF8B4C4D-CA55-45BC-B7A5-7BC60551F443}.Debug|x64.ActiveCfg = Debug|x64
		{AF8B4C4D-CA55-45BC-B7A5-7BC60551F443}.Debug|x64.Build.0 = Debug|x64
		{AF8B4C4D-CA55-45BC-B7A5-7BC60551F443}.Debug|x86.ActiveCfg = Debug|Win32
		{AF8B4C4D-CA55-45BC-B7A5-7BC60551F443}.Debug|x86.Build.0 = Debug|Win32
		{AF8B4C4D-CA55-45BC-B7A5-7BC60551F443}.Release|x64.ActiveCfg = Release|x64
		{AF8B4C4D-CA55-45BC-B7A5-7BC60551F443}.Release|x64.Build.0 = Release|x64
		{AF8B4C4D-CA55-45BC-B7A5-7BC60551F443}.Release|x86.ActiveCfg = Release|Win32
		{AF8B4C4D-CA55-45BC-B7A5-7BC60551F443}.Release|x86.Build.0 = Release|Win32
	EndGlobalSection
	GlobalSection(SolutionProperties) = preSolution
		HideSolutionNode = FALSE
	EndGlobalSection
	GlobalSection(ExtensibilityGlobals) = postSolution
		SolutionGuid = {AB55CD59-8FDC-4467-919C-C9A7854F777D}
	EndGlobalSection
EndGlobal
